
Microsoft Visual Studio Solution File, Format Version 12.00
# Visual Studio Version 16
VisualStudioVersion = 16.0.29209.62
MinimumVisualStudioVersion = 10.0.40219.1
Project("{FAE04EC0-301F-11D3-BF4B-00C04F79EFBC}") = "DraganTalamh", "DraganTalamh\DraganTalamh.csproj", "{D5F450B7-2968-4389-B6D5-069979D74921}"
EndProject
Project("{FAE04EC0-301F-11D3-BF4B-00C04F79EFBC}") = "Tests", "Tests\Tests.csproj", "{03A77F31-3EFB-4EB6-8A1E-A7EF4CC32A22}"
EndProject
Global
	GlobalSection(SolutionConfigurationPlatforms) = preSolution
		Debug|Any CPU = Debug|Any CPU
		Release|Any CPU = Release|Any CPU
	EndGlobalSection
	GlobalSection(ProjectConfigurationPlatforms) = postSolution
		{D5F450B7-2968-4389-B6D5-069979D74921}.Debug|Any CPU.ActiveCfg = Debug|Any CPU
		{D5F450B7-2968-4389-B6D5-069979D74921}.Debug|Any CPU.Build.0 = Debug|Any CPU
		{D5F450B7-2968-4389-B6D5-069979D74921}.Release|Any CPU.ActiveCfg = Release|Any CPU
		{D5F450B7-2968-4389-B6D5-069979D74921}.Release|Any CPU.Build.0 = Release|Any CPU
		{03A77F31-3EFB-4EB6-8A1E-A7EF4CC32A22}.Debug|Any CPU.ActiveCfg = Debug|Any CPU
		{03A77F31-3EFB-4EB6-8A1E-A7EF4CC32A22}.Debug|Any CPU.Build.0 = Debug|Any CPU
		{03A77F31-3EFB-4EB6-8A1E-A7EF4CC32A22}.Release|Any CPU.ActiveCfg = Release|Any CPU
		{03A77F31-3EFB-4EB6-8A1E-A7EF4CC32A22}.Release|Any CPU.Build.0 = Release|Any CPU
	EndGlobalSection
	GlobalSection(SolutionProperties) = preSolution
		HideSolutionNode = FALSE
	EndGlobalSection
	GlobalSection(ExtensibilityGlobals) = postSolution
		SolutionGuid = {83ABC3ED-D26F-421E-8828-472697C48677}
	EndGlobalSection
EndGlobal
